
Microsoft Visual Studio Solution File, Format Version 12.00
# Visual Studio Version 16
VisualStudioVersion = 16.0.32228.343
MinimumVisualStudioVersion = 10.0.40219.1
Project("{8BC9CEB8-8B4A-11D0-8D11-00A0C91BC942}") = "Project41函数模板", "Project41函数模板\Project41函数模板.vcxproj", "{03081526-41A2-4859-BA83-846D4B3279E4}"
EndProject
Global
	GlobalSection(SolutionConfigurationPlatforms) = preSolution
		Debug|x64 = Debug|x64
		Debug|x86 = Debug|x86
		Release|x64 = Release|x64
		Release|x86 = Release|x86
	EndGlobalSection
	GlobalSection(ProjectConfigurationPlatforms) = postSolution
		{03081526-41A2-4859-BA83-846D4B3279E4}.Debug|x64.ActiveCfg = Debug|x64
		{03081526-41A2-4859-BA83-846D4B3279E4}.Debug|x64.Build.0 = Debug|x64
		{03081526-41A2-4859-BA83-846D4B3279E4}.Debug|x86.ActiveCfg = Debug|Win32
		{03081526-41A2-4859-BA83-846D4B3279E4}.Debug|x86.Build.0 = Debug|Win32
		{03081526-41A2-4859-BA83-846D4B3279E4}.Release|x64.ActiveCfg = Release|x64
		{03081526-41A2-4859-BA83-846D4B3279E4}.Release|x64.Build.0 = Release|x64
		{03081526-41A2-4859-BA83-846D4B3279E4}.Release|x86.ActiveCfg = Release|Win32
		{03081526-41A2-4859-BA83-846D4B3279E4}.Release|x86.Build.0 = Release|Win32
	EndGlobalSection
	GlobalSection(SolutionProperties) = preSolution
		HideSolutionNode = FALSE
	EndGlobalSection
	GlobalSection(ExtensibilityGlobals) = postSolution
		SolutionGuid = {02D34668-3421-4576-BA47-36EDBC0783D4}
	EndGlobalSection
EndGlobal
