
Microsoft Visual Studio Solution File, Format Version 12.00
# Visual Studio Version 16
VisualStudioVersion = 16.0.32228.343
MinimumVisualStudioVersion = 10.0.40219.1
Project("{8BC9CEB8-8B4A-11D0-8D11-00A0C91BC942}") = "Project43类模板", "Project43类模板\Project43类模板.vcxproj", "{F902144D-884E-439A-8A6A-672064830FD6}"
EndProject
Global
	GlobalSection(SolutionConfigurationPlatforms) = preSolution
		Debug|x64 = Debug|x64
		Debug|x86 = Debug|x86
		Release|x64 = Release|x64
		Release|x86 = Release|x86
	EndGlobalSection
	GlobalSection(ProjectConfigurationPlatforms) = postSolution
		{F902144D-884E-439A-8A6A-672064830FD6}.Debug|x64.ActiveCfg = Debug|x64
		{F902144D-884E-439A-8A6A-672064830FD6}.Debug|x64.Build.0 = Debug|x64
		{F902144D-884E-439A-8A6A-672064830FD6}.Debug|x86.ActiveCfg = Debug|Win32
		{F902144D-884E-439A-8A6A-672064830FD6}.Debug|x86.Build.0 = Debug|Win32
		{F902144D-884E-439A-8A6A-672064830FD6}.Release|x64.ActiveCfg = Release|x64
		{F902144D-884E-439A-8A6A-672064830FD6}.Release|x64.Build.0 = Release|x64
		{F902144D-884E-439A-8A6A-672064830FD6}.Release|x86.ActiveCfg = Release|Win32
		{F902144D-884E-439A-8A6A-672064830FD6}.Release|x86.Build.0 = Release|Win32
	EndGlobalSection
	GlobalSection(SolutionProperties) = preSolution
		HideSolutionNode = FALSE
	EndGlobalSection
	GlobalSection(ExtensibilityGlobals) = postSolution
		SolutionGuid = {804E5C77-ABB0-4281-A1E5-6EA455E02563}
	EndGlobalSection
EndGlobal
