
Microsoft Visual Studio Solution File, Format Version 12.00
# Visual Studio Version 16
VisualStudioVersion = 16.0.32228.343
MinimumVisualStudioVersion = 10.0.40219.1
Project("{8BC9CEB8-8B4A-11D0-8D11-00A0C91BC942}") = "Project53内建函数对象", "Project53内建函数对象\Project53内建函数对象.vcxproj", "{A3C9552B-4651-4615-BF38-AC8AAE5D8810}"
EndProject
Global
	GlobalSection(SolutionConfigurationPlatforms) = preSolution
		Debug|x64 = Debug|x64
		Debug|x86 = Debug|x86
		Release|x64 = Release|x64
		Release|x86 = Release|x86
	EndGlobalSection
	GlobalSection(ProjectConfigurationPlatforms) = postSolution
		{A3C9552B-4651-4615-BF38-AC8AAE5D8810}.Debug|x64.ActiveCfg = Debug|x64
		{A3C9552B-4651-4615-BF38-AC8AAE5D8810}.Debug|x64.Build.0 = Debug|x64
		{A3C9552B-4651-4615-BF38-AC8AAE5D8810}.Debug|x86.ActiveCfg = Debug|Win32
		{A3C9552B-4651-4615-BF38-AC8AAE5D8810}.Debug|x86.Build.0 = Debug|Win32
		{A3C9552B-4651-4615-BF38-AC8AAE5D8810}.Release|x64.ActiveCfg = Release|x64
		{A3C9552B-4651-4615-BF38-AC8AAE5D8810}.Release|x64.Build.0 = Release|x64
		{A3C9552B-4651-4615-BF38-AC8AAE5D8810}.Release|x86.ActiveCfg = Release|Win32
		{A3C9552B-4651-4615-BF38-AC8AAE5D8810}.Release|x86.Build.0 = Release|Win32
	EndGlobalSection
	GlobalSection(SolutionProperties) = preSolution
		HideSolutionNode = FALSE
	EndGlobalSection
	GlobalSection(ExtensibilityGlobals) = postSolution
		SolutionGuid = {024E18FA-66BA-4B16-B85D-45A8C14D3AB1}
	EndGlobalSection
EndGlobal
